
Microsoft Visual Studio Solution File, Format Version 12.00
# Visual Studio 15
VisualStudioVersion = 15.0.27703.2035
MinimumVisualStudioVersion = 10.0.40219.1
Project("{FAE04EC0-301F-11D3-BF4B-00C04F79EFBC}") = "ServiceAndTransporting", "ServiceAndTransporting\ServiceAndTransporting.csproj", "{7E6B9BD8-28EA-4D9B-88D8-F9D753B446F3}"
EndProject
Global
	GlobalSection(SolutionConfigurationPlatforms) = preSolution
		Debug|Any CPU = Debug|Any CPU
		Release|Any CPU = Release|Any CPU
	EndGlobalSection
	GlobalSection(ProjectConfigurationPlatforms) = postSolution
		{7E6B9BD8-28EA-4D9B-88D8-F9D753B446F3}.Debug|Any CPU.ActiveCfg = Debug|Any CPU
		{7E6B9BD8-28EA-4D9B-88D8-F9D753B446F3}.Debug|Any CPU.Build.0 = Debug|Any CPU
		{7E6B9BD8-28EA-4D9B-88D8-F9D753B446F3}.Release|Any CPU.ActiveCfg = Release|Any CPU
		{7E6B9BD8-28EA-4D9B-88D8-F9D753B446F3}.Release|Any CPU.Build.0 = Release|Any CPU
	EndGlobalSection
	GlobalSection(SolutionProperties) = preSolution
		HideSolutionNode = FALSE
	EndGlobalSection
	GlobalSection(ExtensibilityGlobals) = postSolution
		SolutionGuid = {3EF92891-BAE5-4F69-9F1F-02CDDF16380C}
	EndGlobalSection
EndGlobal
